# This file is generated by running "yarn install" inside your project.
# Manual changes might be lost - proceed with caution!

__metadata:
  version: 8
  cacheKey: 10

"@department-of-veterans-affairs/css-library@workspace:.":
  version: 0.0.0-use.local
  resolution: "@department-of-veterans-affairs/css-library@workspace:."
  dependencies:
    "@divriots/style-dictionary-to-figma": "npm:^0.4.0"
    "@uswds/uswds": "npm:^3.7.1"
    rimraf: "npm:^5.0.5"
    sass: "npm:^1.64.1"
    style-dictionary: "npm:^3.8.0"
  languageName: unknown
  linkType: soft

"@divriots/style-dictionary-to-figma@npm:^0.4.0":
  version: 0.4.0
  resolution: "@divriots/style-dictionary-to-figma@npm:0.4.0"
  checksum: 10/c3898cbd184854697b80e6ac8e4165dc30f2712aebd14879e2b6013140ba28d7f2bcbac6754c4e4bddcd84855c1f68b5fdfb0d2dd375a67b82a38355eda27027
  languageName: node
  linkType: hard

"@isaacs/cliui@npm:^8.0.2":
  version: 8.0.2
  resolution: "@isaacs/cliui@npm:8.0.2"
  dependencies:
    string-width: "npm:^5.1.2"
    string-width-cjs: "npm:string-width@^4.2.0"
    strip-ansi: "npm:^7.0.1"
    strip-ansi-cjs: "npm:strip-ansi@^6.0.1"
    wrap-ansi: "npm:^8.1.0"
    wrap-ansi-cjs: "npm:wrap-ansi@^7.0.0"
  checksum: 10/e9ed5fd27c3aec1095e3a16e0c0cf148d1fee55a38665c35f7b3f86a9b5d00d042ddaabc98e8a1cb7463b9378c15f22a94eb35e99469c201453eb8375191f243
  languageName: node
  linkType: hard

"@npmcli/agent@npm:^2.0.0":
  version: 2.2.2
  resolution: "@npmcli/agent@npm:2.2.2"
  dependencies:
    agent-base: "npm:^7.1.0"
    http-proxy-agent: "npm:^7.0.0"
    https-proxy-agent: "npm:^7.0.1"
    lru-cache: "npm:^10.0.1"
    socks-proxy-agent: "npm:^8.0.3"
  checksum: 10/96fc0036b101bae5032dc2a4cd832efb815ce9b33f9ee2f29909ee49d96a0026b3565f73c507a69eb8603f5cb32e0ae45a70cab1e2655990a4e06ae99f7f572a
  languageName: node
  linkType: hard

"@npmcli/fs@npm:^3.1.0":
  version: 3.1.1
  resolution: "@npmcli/fs@npm:3.1.1"
  dependencies:
    semver: "npm:^7.3.5"
  checksum: 10/1e0e04087049b24b38bc0b30d87a9388ee3ca1d3fdfc347c2f77d84fcfe6a51f250bc57ba2c1f614d7e4285c6c62bf8c769bc19aa0949ea39e5b043ee023b0bd
  languageName: node
  linkType: hard

"@pkgjs/parseargs@npm:^0.11.0":
  version: 0.11.0
  resolution: "@pkgjs/parseargs@npm:0.11.0"
  checksum: 10/115e8ceeec6bc69dff2048b35c0ab4f8bbee12d8bb6c1f4af758604586d802b6e669dcb02dda61d078de42c2b4ddce41b3d9e726d7daa6b4b850f4adbf7333ff
  languageName: node
  linkType: hard

"@uswds/uswds@npm:^3.7.1":
  version: 3.8.0
  resolution: "@uswds/uswds@npm:3.8.0"
  dependencies:
    classlist-polyfill: "npm:1.2.0"
    object-assign: "npm:4.1.1"
    receptor: "npm:1.0.0"
    resolve-id-refs: "npm:0.1.0"
  checksum: 10/0cd393afb9189d55221d8a46bb6431afc0fd9f517bf77f15024389a4ea71e4c9ee036fbf3bde294221b6a2b4a8528672bd44af96dc09b72cbe02ebdf28ce4575
  languageName: node
  linkType: hard

"abbrev@npm:^2.0.0":
  version: 2.0.0
  resolution: "abbrev@npm:2.0.0"
  checksum: 10/ca0a54e35bea4ece0ecb68a47b312e1a9a6f772408d5bcb9051230aaa94b0460671c5b5c9cb3240eb5b7bc94c52476550eb221f65a0bbd0145bdc9f3113a6707
  languageName: node
  linkType: hard

"agent-base@npm:^7.0.2, agent-base@npm:^7.1.0, agent-base@npm:^7.1.1":
  version: 7.1.1
  resolution: "agent-base@npm:7.1.1"
  dependencies:
    debug: "npm:^4.3.4"
  checksum: 10/c478fec8f79953f118704d007a38f2a185458853f5c45579b9669372bd0e12602e88dc2ad0233077831504f7cd6fcc8251c383375bba5eaaf563b102938bda26
  languageName: node
  linkType: hard

"aggregate-error@npm:^3.0.0":
  version: 3.1.0
  resolution: "aggregate-error@npm:3.1.0"
  dependencies:
    clean-stack: "npm:^2.0.0"
    indent-string: "npm:^4.0.0"
  checksum: 10/1101a33f21baa27a2fa8e04b698271e64616b886795fd43c31068c07533c7b3facfcaf4e9e0cab3624bd88f729a592f1c901a1a229c9e490eafce411a8644b79
  languageName: node
  linkType: hard

"ansi-regex@npm:^5.0.1":
  version: 5.0.1
  resolution: "ansi-regex@npm:5.0.1"
  checksum: 10/2aa4bb54caf2d622f1afdad09441695af2a83aa3fe8b8afa581d205e57ed4261c183c4d3877cee25794443fde5876417d859c108078ab788d6af7e4fe52eb66b
  languageName: node
  linkType: hard

"ansi-regex@npm:^6.0.1":
  version: 6.0.1
  resolution: "ansi-regex@npm:6.0.1"
  checksum: 10/1ff8b7667cded1de4fa2c9ae283e979fc87036864317da86a2e546725f96406746411d0d85e87a2d12fa5abd715d90006de7fa4fa0477c92321ad3b4c7d4e169
  languageName: node
  linkType: hard

"ansi-styles@npm:^4.0.0, ansi-styles@npm:^4.1.0":
  version: 4.3.0
  resolution: "ansi-styles@npm:4.3.0"
  dependencies:
    color-convert: "npm:^2.0.1"
  checksum: 10/b4494dfbfc7e4591b4711a396bd27e540f8153914123dccb4cdbbcb514015ada63a3809f362b9d8d4f6b17a706f1d7bea3c6f974b15fa5ae76b5b502070889ff
  languageName: node
  linkType: hard

"ansi-styles@npm:^6.1.0":
  version: 6.2.1
  resolution: "ansi-styles@npm:6.2.1"
  checksum: 10/70fdf883b704d17a5dfc9cde206e698c16bcd74e7f196ab821511651aee4f9f76c9514bdfa6ca3a27b5e49138b89cb222a28caf3afe4567570139577f991df32
  languageName: node
  linkType: hard

"anymatch@npm:~3.1.2":
  version: 3.1.3
  resolution: "anymatch@npm:3.1.3"
  dependencies:
    normalize-path: "npm:^3.0.0"
    picomatch: "npm:^2.0.4"
  checksum: 10/3e044fd6d1d26545f235a9fe4d7a534e2029d8e59fa7fd9f2a6eb21230f6b5380ea1eaf55136e60cbf8e613544b3b766e7a6fa2102e2a3a117505466e3025dc2
  languageName: node
  linkType: hard

"balanced-match@npm:^1.0.0":
  version: 1.0.2
  resolution: "balanced-match@npm:1.0.2"
  checksum: 10/9706c088a283058a8a99e0bf91b0a2f75497f185980d9ffa8b304de1d9e58ebda7c72c07ebf01dadedaac5b2907b2c6f566f660d62bd336c3468e960403b9d65
  languageName: node
  linkType: hard

"binary-extensions@npm:^2.0.0":
  version: 2.3.0
  resolution: "binary-extensions@npm:2.3.0"
  checksum: 10/bcad01494e8a9283abf18c1b967af65ee79b0c6a9e6fcfafebfe91dbe6e0fc7272bafb73389e198b310516ae04f7ad17d79aacf6cb4c0d5d5202a7e2e52c7d98
  languageName: node
  linkType: hard

"brace-expansion@npm:^2.0.1":
  version: 2.0.1
  resolution: "brace-expansion@npm:2.0.1"
  dependencies:
    balanced-match: "npm:^1.0.0"
  checksum: 10/a61e7cd2e8a8505e9f0036b3b6108ba5e926b4b55089eeb5550cd04a471fe216c96d4fe7e4c7f995c728c554ae20ddfc4244cad10aef255e72b62930afd233d1
  languageName: node
  linkType: hard

"braces@npm:~3.0.2":
  version: 3.0.3
  resolution: "braces@npm:3.0.3"
  dependencies:
    fill-range: "npm:^7.1.1"
  checksum: 10/fad11a0d4697a27162840b02b1fad249c1683cbc510cd5bf1a471f2f8085c046d41094308c577a50a03a579dd99d5a6b3724c4b5e8b14df2c4443844cfcda2c6
  languageName: node
  linkType: hard

"cacache@npm:^18.0.0":
  version: 18.0.3
  resolution: "cacache@npm:18.0.3"
  dependencies:
    "@npmcli/fs": "npm:^3.1.0"
    fs-minipass: "npm:^3.0.0"
    glob: "npm:^10.2.2"
    lru-cache: "npm:^10.0.1"
    minipass: "npm:^7.0.3"
    minipass-collect: "npm:^2.0.1"
    minipass-flush: "npm:^1.0.5"
    minipass-pipeline: "npm:^1.2.4"
    p-map: "npm:^4.0.0"
    ssri: "npm:^10.0.0"
    tar: "npm:^6.1.11"
    unique-filename: "npm:^3.0.0"
  checksum: 10/d4c161f071524bb636334b8cf94780c014e29c180a886b8184da8f2f44d2aca88d5664797c661e9f74bdbd34697c2f231ed7c24c256cecbb0a0563ad1ada2219
  languageName: node
  linkType: hard

"camel-case@npm:^4.1.2":
  version: 4.1.2
  resolution: "camel-case@npm:4.1.2"
  dependencies:
    pascal-case: "npm:^3.1.2"
    tslib: "npm:^2.0.3"
  checksum: 10/bcbd25cd253b3cbc69be3f535750137dbf2beb70f093bdc575f73f800acc8443d34fd52ab8f0a2413c34f1e8203139ffc88428d8863e4dfe530cfb257a379ad6
  languageName: node
  linkType: hard

"capital-case@npm:^1.0.4":
  version: 1.0.4
  resolution: "capital-case@npm:1.0.4"
  dependencies:
    no-case: "npm:^3.0.4"
    tslib: "npm:^2.0.3"
    upper-case-first: "npm:^2.0.2"
  checksum: 10/41fa8fa87f6d24d0835a2b4a9341a3eaecb64ac29cd7c5391f35d6175a0fa98ab044e7f2602e1ec3afc886231462ed71b5b80c590b8b41af903ec2c15e5c5931
  languageName: node
  linkType: hard

"chalk@npm:^4.0.0":
  version: 4.1.2
  resolution: "chalk@npm:4.1.2"
  dependencies:
    ansi-styles: "npm:^4.1.0"
    supports-color: "npm:^7.1.0"
  checksum: 10/cb3f3e594913d63b1814d7ca7c9bafbf895f75fbf93b92991980610dfd7b48500af4e3a5d4e3a8f337990a96b168d7eb84ee55efdce965e2ee8efc20f8c8f139
  languageName: node
  linkType: hard

"change-case@npm:^4.1.2":
  version: 4.1.2
  resolution: "change-case@npm:4.1.2"
  dependencies:
    camel-case: "npm:^4.1.2"
    capital-case: "npm:^1.0.4"
    constant-case: "npm:^3.0.4"
    dot-case: "npm:^3.0.4"
    header-case: "npm:^2.0.4"
    no-case: "npm:^3.0.4"
    param-case: "npm:^3.0.4"
    pascal-case: "npm:^3.1.2"
    path-case: "npm:^3.0.4"
    sentence-case: "npm:^3.0.4"
    snake-case: "npm:^3.0.4"
    tslib: "npm:^2.0.3"
  checksum: 10/e4bc4a093a1f7cce8b33896665cf9e456e3bc3cc0def2ad7691b1994cfca99b3188d0a513b16855b01a6bd20692fcde12a7d4d87a5615c4c515bbbf0e651f116
  languageName: node
  linkType: hard

"chokidar@npm:>=3.0.0 <4.0.0":
  version: 3.6.0
  resolution: "chokidar@npm:3.6.0"
  dependencies:
    anymatch: "npm:~3.1.2"
    braces: "npm:~3.0.2"
    fsevents: "npm:~2.3.2"
    glob-parent: "npm:~5.1.2"
    is-binary-path: "npm:~2.1.0"
    is-glob: "npm:~4.0.1"
    normalize-path: "npm:~3.0.0"
    readdirp: "npm:~3.6.0"
  dependenciesMeta:
    fsevents:
      optional: true
  checksum: 10/c327fb07704443f8d15f7b4a7ce93b2f0bc0e6cea07ec28a7570aa22cd51fcf0379df589403976ea956c369f25aa82d84561947e227cd925902e1751371658df
  languageName: node
  linkType: hard

"chownr@npm:^2.0.0":
  version: 2.0.0
  resolution: "chownr@npm:2.0.0"
  checksum: 10/c57cf9dd0791e2f18a5ee9c1a299ae6e801ff58fee96dc8bfd0dcb4738a6ce58dd252a3605b1c93c6418fe4f9d5093b28ffbf4d66648cb2a9c67eaef9679be2f
  languageName: node
  linkType: hard

"classlist-polyfill@npm:1.2.0":
  version: 1.2.0
  resolution: "classlist-polyfill@npm:1.2.0"
  checksum: 10/dd7211ca016eaa1fa1ae3f7c65680fce8815b1e5b7541b524c3762ab98ce73e1a782cf71819a07e1e2614385f082bbd0285b1a34f389daf16bed23a11efe06a1
  languageName: node
  linkType: hard

"clean-stack@npm:^2.0.0":
  version: 2.2.0
  resolution: "clean-stack@npm:2.2.0"
  checksum: 10/2ac8cd2b2f5ec986a3c743935ec85b07bc174d5421a5efc8017e1f146a1cf5f781ae962618f416352103b32c9cd7e203276e8c28241bbe946160cab16149fb68
  languageName: node
  linkType: hard

"color-convert@npm:^2.0.1":
  version: 2.0.1
  resolution: "color-convert@npm:2.0.1"
  dependencies:
    color-name: "npm:~1.1.4"
  checksum: 10/fa00c91b4332b294de06b443923246bccebe9fab1b253f7fe1772d37b06a2269b4039a85e309abe1fe11b267b11c08d1d0473fda3badd6167f57313af2887a64
  languageName: node
  linkType: hard

"color-name@npm:~1.1.4":
  version: 1.1.4
  resolution: "color-name@npm:1.1.4"
  checksum: 10/b0445859521eb4021cd0fb0cc1a75cecf67fceecae89b63f62b201cca8d345baf8b952c966862a9d9a2632987d4f6581f0ec8d957dfacece86f0a7919316f610
  languageName: node
  linkType: hard

"commander@npm:^8.3.0":
  version: 8.3.0
  resolution: "commander@npm:8.3.0"
  checksum: 10/6b7b5d334483ce24bd73c5dac2eab901a7dbb25fd983ea24a1eeac6e7166bb1967f641546e8abf1920afbde86a45fbfe5812fbc69d0dc451bb45ca416a12a3a3
  languageName: node
  linkType: hard

"constant-case@npm:^3.0.4":
  version: 3.0.4
  resolution: "constant-case@npm:3.0.4"
  dependencies:
    no-case: "npm:^3.0.4"
    tslib: "npm:^2.0.3"
    upper-case: "npm:^2.0.2"
  checksum: 10/6c3346d51afc28d9fae922e966c68eb77a19d94858dba230dd92d7b918b37d36db50f0311e9ecf6847e43e934b1c01406a0936973376ab17ec2c471fbcfb2cf3
  languageName: node
  linkType: hard

"cross-spawn@npm:^7.0.0":
  version: 7.0.3
  resolution: "cross-spawn@npm:7.0.3"
  dependencies:
    path-key: "npm:^3.1.0"
    shebang-command: "npm:^2.0.0"
    which: "npm:^2.0.1"
  checksum: 10/e1a13869d2f57d974de0d9ef7acbf69dc6937db20b918525a01dacb5032129bd552d290d886d981e99f1b624cb03657084cc87bd40f115c07ecf376821c729ce
  languageName: node
  linkType: hard

"debug@npm:4, debug@npm:^4.3.4":
  version: 4.3.4
  resolution: "debug@npm:4.3.4"
  dependencies:
    ms: "npm:2.1.2"
  peerDependenciesMeta:
    supports-color:
      optional: true
  checksum: 10/0073c3bcbd9cb7d71dd5f6b55be8701af42df3e56e911186dfa46fac3a5b9eb7ce7f377dd1d3be6db8977221f8eb333d945216f645cf56f6b688cd484837d255
  languageName: node
  linkType: hard

"dot-case@npm:^3.0.4":
  version: 3.0.4
  resolution: "dot-case@npm:3.0.4"
  dependencies:
    no-case: "npm:^3.0.4"
    tslib: "npm:^2.0.3"
  checksum: 10/a65e3519414856df0228b9f645332f974f2bf5433370f544a681122eab59e66038fc3349b4be1cdc47152779dac71a5864f1ccda2f745e767c46e9c6543b1169
  languageName: node
  linkType: hard

"eastasianwidth@npm:^0.2.0":
  version: 0.2.0
  resolution: "eastasianwidth@npm:0.2.0"
  checksum: 10/9b1d3e1baefeaf7d70799db8774149cef33b97183a6addceeba0cf6b85ba23ee2686f302f14482006df32df75d32b17c509c143a3689627929e4a8efaf483952
  languageName: node
  linkType: hard

"element-closest@npm:^2.0.1":
  version: 2.0.2
  resolution: "element-closest@npm:2.0.2"
  checksum: 10/6e4fa41184ff8443484ccc678efbb3893812106cbbb4df797b77837ee0a23b7a61901d3a786ea773b3556a26ac71a764bfaae2814074e35cd2360f21dfe3254b
  languageName: node
  linkType: hard

"emoji-regex@npm:^8.0.0":
  version: 8.0.0
  resolution: "emoji-regex@npm:8.0.0"
  checksum: 10/c72d67a6821be15ec11997877c437491c313d924306b8da5d87d2a2bcc2cec9903cb5b04ee1a088460501d8e5b44f10df82fdc93c444101a7610b80c8b6938e1
  languageName: node
  linkType: hard

"emoji-regex@npm:^9.2.2":
  version: 9.2.2
  resolution: "emoji-regex@npm:9.2.2"
  checksum: 10/915acf859cea7131dac1b2b5c9c8e35c4849e325a1d114c30adb8cd615970f6dca0e27f64f3a4949d7d6ed86ecd79a1c5c63f02e697513cddd7b5835c90948b8
  languageName: node
  linkType: hard

"encoding@npm:^0.1.13":
  version: 0.1.13
  resolution: "encoding@npm:0.1.13"
  dependencies:
    iconv-lite: "npm:^0.6.2"
  checksum: 10/bb98632f8ffa823996e508ce6a58ffcf5856330fde839ae42c9e1f436cc3b5cc651d4aeae72222916545428e54fd0f6aa8862fd8d25bdbcc4589f1e3f3715e7f
  languageName: node
  linkType: hard

"env-paths@npm:^2.2.0":
  version: 2.2.1
  resolution: "env-paths@npm:2.2.1"
  checksum: 10/65b5df55a8bab92229ab2b40dad3b387fad24613263d103a97f91c9fe43ceb21965cd3392b1ccb5d77088021e525c4e0481adb309625d0cb94ade1d1fb8dc17e
  languageName: node
  linkType: hard

"err-code@npm:^2.0.2":
  version: 2.0.3
  resolution: "err-code@npm:2.0.3"
  checksum: 10/1d20d825cdcce8d811bfbe86340f4755c02655a7feb2f13f8c880566d9d72a3f6c92c192a6867632e490d6da67b678271f46e01044996a6443e870331100dfdd
  languageName: node
  linkType: hard

"exponential-backoff@npm:^3.1.1":
  version: 3.1.1
  resolution: "exponential-backoff@npm:3.1.1"
  checksum: 10/2d9bbb6473de7051f96790d5f9a678f32e60ed0aa70741dc7fdc96fec8d631124ec3374ac144387604f05afff9500f31a1d45bd9eee4cdc2e4f9ad2d9b9d5dbd
  languageName: node
  linkType: hard

"fill-range@npm:^7.1.1":
  version: 7.1.1
  resolution: "fill-range@npm:7.1.1"
  dependencies:
    to-regex-range: "npm:^5.0.1"
  checksum: 10/a7095cb39e5bc32fada2aa7c7249d3f6b01bd1ce461a61b0adabacccabd9198500c6fb1f68a7c851a657e273fce2233ba869638897f3d7ed2e87a2d89b4436ea
  languageName: node
  linkType: hard

"foreground-child@npm:^3.1.0":
  version: 3.1.1
  resolution: "foreground-child@npm:3.1.1"
  dependencies:
    cross-spawn: "npm:^7.0.0"
    signal-exit: "npm:^4.0.1"
  checksum: 10/087edd44857d258c4f73ad84cb8df980826569656f2550c341b27adf5335354393eec24ea2fabd43a253233fb27cee177ebe46bd0b7ea129c77e87cb1e9936fb
  languageName: node
  linkType: hard

"fs-extra@npm:^10.0.0":
  version: 10.1.0
  resolution: "fs-extra@npm:10.1.0"
  dependencies:
    graceful-fs: "npm:^4.2.0"
    jsonfile: "npm:^6.0.1"
    universalify: "npm:^2.0.0"
  checksum: 10/05ce2c3b59049bcb7b52001acd000e44b3c4af4ec1f8839f383ef41ec0048e3cfa7fd8a637b1bddfefad319145db89be91f4b7c1db2908205d38bf91e7d1d3b7
  languageName: node
  linkType: hard

"fs-minipass@npm:^2.0.0":
  version: 2.1.0
  resolution: "fs-minipass@npm:2.1.0"
  dependencies:
    minipass: "npm:^3.0.0"
  checksum: 10/03191781e94bc9a54bd376d3146f90fe8e082627c502185dbf7b9b3032f66b0b142c1115f3b2cc5936575fc1b44845ce903dd4c21bec2a8d69f3bd56f9cee9ec
  languageName: node
  linkType: hard

"fs-minipass@npm:^3.0.0":
  version: 3.0.3
  resolution: "fs-minipass@npm:3.0.3"
  dependencies:
    minipass: "npm:^7.0.3"
  checksum: 10/af143246cf6884fe26fa281621d45cfe111d34b30535a475bfa38dafe343dadb466c047a924ffc7d6b7b18265df4110224ce3803806dbb07173bf2087b648d7f
  languageName: node
  linkType: hard

"fsevents@npm:~2.3.2":
  version: 2.3.3
  resolution: "fsevents@npm:2.3.3"
  dependencies:
    node-gyp: "npm:latest"
  checksum: 10/4c1ade961ded57cdbfbb5cac5106ec17bc8bccd62e16343c569a0ceeca83b9dfef87550b4dc5cbb89642da412b20c5071f304c8c464b80415446e8e155a038c0
  conditions: os=darwin
  languageName: node
  linkType: hard

"fsevents@patch:fsevents@npm%3A~2.3.2#optional!builtin<compat/fsevents>":
  version: 2.3.3
  resolution: "fsevents@patch:fsevents@npm%3A2.3.3#optional!builtin<compat/fsevents>::version=2.3.3&hash=df0bf1"
  dependencies:
    node-gyp: "npm:latest"
  conditions: os=darwin
  languageName: node
  linkType: hard

"glob-parent@npm:~5.1.2":
  version: 5.1.2
  resolution: "glob-parent@npm:5.1.2"
  dependencies:
    is-glob: "npm:^4.0.1"
  checksum: 10/32cd106ce8c0d83731966d31517adb766d02c3812de49c30cfe0675c7c0ae6630c11214c54a5ae67aca882cf738d27fd7768f21aa19118b9245950554be07247
  languageName: node
  linkType: hard

"glob@npm:^10.2.2, glob@npm:^10.3.10, glob@npm:^10.3.7":
  version: 10.3.16
  resolution: "glob@npm:10.3.16"
  dependencies:
    foreground-child: "npm:^3.1.0"
    jackspeak: "npm:^3.1.2"
    minimatch: "npm:^9.0.1"
    minipass: "npm:^7.0.4"
    path-scurry: "npm:^1.11.0"
  bin:
    glob: dist/esm/bin.mjs
  checksum: 10/77f126deac5e4cb8408c9fd1449aeb31ce1eca363a0ca1d0796a8912440af954d201f8658348a121a18d0363dcc4b09708be27fdaf922af667ae160826352a16
  languageName: node
  linkType: hard

"graceful-fs@npm:^4.1.6, graceful-fs@npm:^4.2.0, graceful-fs@npm:^4.2.6":
  version: 4.2.11
  resolution: "graceful-fs@npm:4.2.11"
  checksum: 10/bf152d0ed1dc159239db1ba1f74fdbc40cb02f626770dcd5815c427ce0688c2635a06ed69af364396da4636d0408fcf7d4afdf7881724c3307e46aff30ca49e2
  languageName: node
  linkType: hard

"has-flag@npm:^4.0.0":
  version: 4.0.0
  resolution: "has-flag@npm:4.0.0"
  checksum: 10/261a1357037ead75e338156b1f9452c016a37dcd3283a972a30d9e4a87441ba372c8b81f818cd0fbcd9c0354b4ae7e18b9e1afa1971164aef6d18c2b6095a8ad
  languageName: node
  linkType: hard

"header-case@npm:^2.0.4":
  version: 2.0.4
  resolution: "header-case@npm:2.0.4"
  dependencies:
    capital-case: "npm:^1.0.4"
    tslib: "npm:^2.0.3"
  checksum: 10/571c83eeb25e8130d172218712f807c0b96d62b020981400bccc1503a7cf14b09b8b10498a962d2739eccf231d950e3848ba7d420b58a6acd2f9283439546cd9
  languageName: node
  linkType: hard

"http-cache-semantics@npm:^4.1.1":
  version: 4.1.1
  resolution: "http-cache-semantics@npm:4.1.1"
  checksum: 10/362d5ed66b12ceb9c0a328fb31200b590ab1b02f4a254a697dc796850cc4385603e75f53ec59f768b2dad3bfa1464bd229f7de278d2899a0e3beffc634b6683f
  languageName: node
  linkType: hard

"http-proxy-agent@npm:^7.0.0":
  version: 7.0.2
  resolution: "http-proxy-agent@npm:7.0.2"
  dependencies:
    agent-base: "npm:^7.1.0"
    debug: "npm:^4.3.4"
  checksum: 10/d062acfa0cb82beeb558f1043c6ba770ea892b5fb7b28654dbc70ea2aeea55226dd34c02a294f6c1ca179a5aa483c4ea641846821b182edbd9cc5d89b54c6848
  languageName: node
  linkType: hard

"https-proxy-agent@npm:^7.0.1":
  version: 7.0.4
  resolution: "https-proxy-agent@npm:7.0.4"
  dependencies:
    agent-base: "npm:^7.0.2"
    debug: "npm:4"
  checksum: 10/405fe582bba461bfe5c7e2f8d752b384036854488b828ae6df6a587c654299cbb2c50df38c4b6ab303502c3c5e029a793fbaac965d1e86ee0be03faceb554d63
  languageName: node
  linkType: hard

"iconv-lite@npm:^0.6.2":
  version: 0.6.3
  resolution: "iconv-lite@npm:0.6.3"
  dependencies:
    safer-buffer: "npm:>= 2.1.2 < 3.0.0"
  checksum: 10/24e3292dd3dadaa81d065c6f8c41b274a47098150d444b96e5f53b4638a9a71482921ea6a91a1f59bb71d9796de25e04afd05919fa64c360347ba65d3766f10f
  languageName: node
  linkType: hard

"immutable@npm:^4.0.0":
  version: 4.3.6
  resolution: "immutable@npm:4.3.6"
  checksum: 10/59fedb67f26e265035616b27e33ef90b53b434cf76fb09212ec2d6ae32ee8d2fe2641e6dc32dbc78498c521fbf5f72c6740d39affba63a0a36a3884272371857
  languageName: node
  linkType: hard

"imurmurhash@npm:^0.1.4":
  version: 0.1.4
  resolution: "imurmurhash@npm:0.1.4"
  checksum: 10/2d30b157a91fe1c1d7c6f653cbf263f039be6c5bfa959245a16d4ee191fc0f2af86c08545b6e6beeb041c56b574d2d5b9f95343d378ab49c0f37394d541e7fc8
  languageName: node
  linkType: hard

"indent-string@npm:^4.0.0":
  version: 4.0.0
  resolution: "indent-string@npm:4.0.0"
  checksum: 10/cd3f5cbc9ca2d624c6a1f53f12e6b341659aba0e2d3254ae2b4464aaea8b4294cdb09616abbc59458f980531f2429784ed6a420d48d245bcad0811980c9efae9
  languageName: node
  linkType: hard

"ip-address@npm:^9.0.5":
  version: 9.0.5
  resolution: "ip-address@npm:9.0.5"
  dependencies:
    jsbn: "npm:1.1.0"
    sprintf-js: "npm:^1.1.3"
  checksum: 10/1ed81e06721af012306329b31f532b5e24e00cb537be18ddc905a84f19fe8f83a09a1699862bf3a1ec4b9dea93c55a3fa5faf8b5ea380431469df540f38b092c
  languageName: node
  linkType: hard

"is-binary-path@npm:~2.1.0":
  version: 2.1.0
  resolution: "is-binary-path@npm:2.1.0"
  dependencies:
    binary-extensions: "npm:^2.0.0"
  checksum: 10/078e51b4f956c2c5fd2b26bb2672c3ccf7e1faff38e0ebdba45612265f4e3d9fc3127a1fa8370bbf09eab61339203c3d3b7af5662cbf8be4030f8fac37745b0e
  languageName: node
  linkType: hard

"is-extglob@npm:^2.1.1":
  version: 2.1.1
  resolution: "is-extglob@npm:2.1.1"
  checksum: 10/df033653d06d0eb567461e58a7a8c9f940bd8c22274b94bf7671ab36df5719791aae15eef6d83bbb5e23283967f2f984b8914559d4449efda578c775c4be6f85
  languageName: node
  linkType: hard

"is-fullwidth-code-point@npm:^3.0.0":
  version: 3.0.0
  resolution: "is-fullwidth-code-point@npm:3.0.0"
  checksum: 10/44a30c29457c7fb8f00297bce733f0a64cd22eca270f83e58c105e0d015e45c019491a4ab2faef91ab51d4738c670daff901c799f6a700e27f7314029e99e348
  languageName: node
  linkType: hard

"is-glob@npm:^4.0.1, is-glob@npm:~4.0.1":
  version: 4.0.3
  resolution: "is-glob@npm:4.0.3"
  dependencies:
    is-extglob: "npm:^2.1.1"
  checksum: 10/3ed74f2b0cdf4f401f38edb0442ddfde3092d79d7d35c9919c86641efdbcbb32e45aa3c0f70ce5eecc946896cd5a0f26e4188b9f2b881876f7cb6c505b82da11
  languageName: node
  linkType: hard

"is-lambda@npm:^1.0.1":
  version: 1.0.1
  resolution: "is-lambda@npm:1.0.1"
  checksum: 10/93a32f01940220532e5948538699ad610d5924ac86093fcee83022252b363eb0cc99ba53ab084a04e4fb62bf7b5731f55496257a4c38adf87af9c4d352c71c35
  languageName: node
  linkType: hard

"is-number@npm:^7.0.0":
  version: 7.0.0
  resolution: "is-number@npm:7.0.0"
  checksum: 10/6a6c3383f68afa1e05b286af866017c78f1226d43ac8cb064e115ff9ed85eb33f5c4f7216c96a71e4dfea289ef52c5da3aef5bbfade8ffe47a0465d70c0c8e86
  languageName: node
  linkType: hard

"isexe@npm:^2.0.0":
  version: 2.0.0
  resolution: "isexe@npm:2.0.0"
  checksum: 10/7c9f715c03aff08f35e98b1fadae1b9267b38f0615d501824f9743f3aab99ef10e303ce7db3f186763a0b70a19de5791ebfc854ff884d5a8c4d92211f642ec92
  languageName: node
  linkType: hard

"isexe@npm:^3.1.1":
  version: 3.1.1
  resolution: "isexe@npm:3.1.1"
  checksum: 10/7fe1931ee4e88eb5aa524cd3ceb8c882537bc3a81b02e438b240e47012eef49c86904d0f0e593ea7c3a9996d18d0f1f3be8d3eaa92333977b0c3a9d353d5563e
  languageName: node
  linkType: hard

"jackspeak@npm:^3.1.2":
  version: 3.1.2
  resolution: "jackspeak@npm:3.1.2"
  dependencies:
    "@isaacs/cliui": "npm:^8.0.2"
    "@pkgjs/parseargs": "npm:^0.11.0"
  dependenciesMeta:
    "@pkgjs/parseargs":
      optional: true
  checksum: 10/7e6b94103e5fea5e6311aacf45fe80e98583df55c39b9d8478dd0ce02f1f8f0a11fc419311c277aca959b95635ec9a6be97445a31794254946c679dd0a19f007
  languageName: node
  linkType: hard

"jsbn@npm:1.1.0":
  version: 1.1.0
  resolution: "jsbn@npm:1.1.0"
  checksum: 10/bebe7ae829bbd586ce8cbe83501dd8cb8c282c8902a8aeeed0a073a89dc37e8103b1244f3c6acd60278bcbfe12d93a3f83c9ac396868a3b3bbc3c5e5e3b648ef
  languageName: node
  linkType: hard

"json5@npm:^2.2.2":
  version: 2.2.3
  resolution: "json5@npm:2.2.3"
  bin:
    json5: lib/cli.js
  checksum: 10/1db67b853ff0de3534085d630691d3247de53a2ed1390ba0ddff681ea43e9b3e30ecbdb65c5e9aab49435e44059c23dbd6fee8ee619419ba37465bb0dd7135da
  languageName: node
  linkType: hard

"jsonc-parser@npm:^3.0.0":
  version: 3.2.1
  resolution: "jsonc-parser@npm:3.2.1"
  checksum: 10/fe2df6f39e21653781d52cae20c5b9e0ab62461918d97f9430b216cea9b6500efc1d8b42c6584cc0a7548b4c996055e9cdc39f09b9782fa6957af2f45306c530
  languageName: node
  linkType: hard

"jsonfile@npm:^6.0.1":
  version: 6.1.0
  resolution: "jsonfile@npm:6.1.0"
  dependencies:
    graceful-fs: "npm:^4.1.6"
    universalify: "npm:^2.0.0"
  dependenciesMeta:
    graceful-fs:
      optional: true
  checksum: 10/03014769e7dc77d4cf05fa0b534907270b60890085dd5e4d60a382ff09328580651da0b8b4cdf44d91e4c8ae64d91791d965f05707beff000ed494a38b6fec85
  languageName: node
  linkType: hard

"keyboardevent-key-polyfill@npm:^1.0.2":
  version: 1.1.0
  resolution: "keyboardevent-key-polyfill@npm:1.1.0"
  checksum: 10/e9564ec35592441f69bd87629266b2b3014818a345e4d97253ba5bc5e0173fd7df3005858c9607de999510b0ff3fb2087ac51a9923897e3b3f22fd5dbd789cbe
  languageName: node
  linkType: hard

"lodash@npm:^4.17.15":
  version: 4.17.21
  resolution: "lodash@npm:4.17.21"
  checksum: 10/c08619c038846ea6ac754abd6dd29d2568aa705feb69339e836dfa8d8b09abbb2f859371e86863eda41848221f9af43714491467b5b0299122431e202bb0c532
  languageName: node
  linkType: hard

"lower-case@npm:^2.0.2":
  version: 2.0.2
  resolution: "lower-case@npm:2.0.2"
  dependencies:
    tslib: "npm:^2.0.3"
  checksum: 10/83a0a5f159ad7614bee8bf976b96275f3954335a84fad2696927f609ddae902802c4f3312d86668722e668bef41400254807e1d3a7f2e8c3eede79691aa1f010
  languageName: node
  linkType: hard

"lru-cache@npm:^10.0.1, lru-cache@npm:^10.2.0":
  version: 10.2.2
  resolution: "lru-cache@npm:10.2.2"
  checksum: 10/ff1a496d30b5eaec2c9079080965bb0cede203cf878371f7033a007f1e54cd4aa13cc8abf7ccec4c994a83a22ed5476e83a55bb57cc07e6c1547a42937e42c37
  languageName: node
  linkType: hard

"make-fetch-happen@npm:^13.0.0":
  version: 13.0.1
  resolution: "make-fetch-happen@npm:13.0.1"
  dependencies:
    "@npmcli/agent": "npm:^2.0.0"
    cacache: "npm:^18.0.0"
    http-cache-semantics: "npm:^4.1.1"
    is-lambda: "npm:^1.0.1"
    minipass: "npm:^7.0.2"
    minipass-fetch: "npm:^3.0.0"
    minipass-flush: "npm:^1.0.5"
    minipass-pipeline: "npm:^1.2.4"
    negotiator: "npm:^0.6.3"
    proc-log: "npm:^4.2.0"
    promise-retry: "npm:^2.0.1"
    ssri: "npm:^10.0.0"
  checksum: 10/11bae5ad6ac59b654dbd854f30782f9de052186c429dfce308eda42374528185a100ee40ac9ffdc36a2b6c821ecaba43913e4730a12f06f15e895ea9cb23fa59
  languageName: node
  linkType: hard

"matches-selector@npm:^1.0.0":
  version: 1.2.0
  resolution: "matches-selector@npm:1.2.0"
  checksum: 10/572b5fd3be057e0b026cf0909ff5e88fa7507bca86af04c71782ae63ac372960371a6ca628177f11a21057702b2f54e6fd6d5707b57842d7efe5b11c281e5f58
  languageName: node
  linkType: hard

"minimatch@npm:^9.0.1":
  version: 9.0.4
  resolution: "minimatch@npm:9.0.4"
  dependencies:
    brace-expansion: "npm:^2.0.1"
  checksum: 10/4cdc18d112b164084513e890d6323370db14c22249d536ad1854539577a895e690a27513dc346392f61a4a50afbbd8abc88f3f25558bfbbbb862cd56508b20f5
  languageName: node
  linkType: hard

"minipass-collect@npm:^2.0.1":
  version: 2.0.1
  resolution: "minipass-collect@npm:2.0.1"
  dependencies:
    minipass: "npm:^7.0.3"
  checksum: 10/b251bceea62090f67a6cced7a446a36f4cd61ee2d5cea9aee7fff79ba8030e416327a1c5aa2908dc22629d06214b46d88fdab8c51ac76bacbf5703851b5ad342
  languageName: node
  linkType: hard

"minipass-fetch@npm:^3.0.0":
  version: 3.0.5
  resolution: "minipass-fetch@npm:3.0.5"
  dependencies:
    encoding: "npm:^0.1.13"
    minipass: "npm:^7.0.3"
    minipass-sized: "npm:^1.0.3"
    minizlib: "npm:^2.1.2"
  dependenciesMeta:
    encoding:
      optional: true
  checksum: 10/c669948bec1373313aaa8f104b962a3ced9f45c49b26366a4b0ae27ccdfa9c5740d72c8a84d3f8623d7a61c5fc7afdfda44789008c078f61a62441142efc4a97
  languageName: node
  linkType: hard

"minipass-flush@npm:^1.0.5":
  version: 1.0.5
  resolution: "minipass-flush@npm:1.0.5"
  dependencies:
    minipass: "npm:^3.0.0"
  checksum: 10/56269a0b22bad756a08a94b1ffc36b7c9c5de0735a4dd1ab2b06c066d795cfd1f0ac44a0fcae13eece5589b908ecddc867f04c745c7009be0b566421ea0944cf
  languageName: node
  linkType: hard

"minipass-pipeline@npm:^1.2.4":
  version: 1.2.4
  resolution: "minipass-pipeline@npm:1.2.4"
  dependencies:
    minipass: "npm:^3.0.0"
  checksum: 10/b14240dac0d29823c3d5911c286069e36d0b81173d7bdf07a7e4a91ecdef92cdff4baaf31ea3746f1c61e0957f652e641223970870e2353593f382112257971b
  languageName: node
  linkType: hard

"minipass-sized@npm:^1.0.3":
  version: 1.0.3
  resolution: "minipass-sized@npm:1.0.3"
  dependencies:
    minipass: "npm:^3.0.0"
  checksum: 10/40982d8d836a52b0f37049a0a7e5d0f089637298e6d9b45df9c115d4f0520682a78258905e5c8b180fb41b593b0a82cc1361d2c74b45f7ada66334f84d1ecfdd
  languageName: node
  linkType: hard

"minipass@npm:^3.0.0":
  version: 3.3.6
  resolution: "minipass@npm:3.3.6"
  dependencies:
    yallist: "npm:^4.0.0"
  checksum: 10/a5c6ef069f70d9a524d3428af39f2b117ff8cd84172e19b754e7264a33df460873e6eb3d6e55758531580970de50ae950c496256bb4ad3691a2974cddff189f0
  languageName: node
  linkType: hard

"minipass@npm:^5.0.0":
  version: 5.0.0
  resolution: "minipass@npm:5.0.0"
  checksum: 10/61682162d29f45d3152b78b08bab7fb32ca10899bc5991ffe98afc18c9e9543bd1e3be94f8b8373ba6262497db63607079dc242ea62e43e7b2270837b7347c93
  languageName: node
  linkType: hard

"minipass@npm:^5.0.0 || ^6.0.2 || ^7.0.0, minipass@npm:^7.0.2, minipass@npm:^7.0.3, minipass@npm:^7.0.4":
  version: 7.1.1
  resolution: "minipass@npm:7.1.1"
  checksum: 10/6f4f920f1b5ea585d08fa3739b9bd81726cd85a0c972fb371c0fa6c1544d468813fb1694c7bc64ad81f138fd8abf665e2af0f406de9ba5741d8e4a377ed346b1
  languageName: node
  linkType: hard

"minizlib@npm:^2.1.1, minizlib@npm:^2.1.2":
  version: 2.1.2
  resolution: "minizlib@npm:2.1.2"
  dependencies:
    minipass: "npm:^3.0.0"
    yallist: "npm:^4.0.0"
  checksum: 10/ae0f45436fb51344dcb87938446a32fbebb540d0e191d63b35e1c773d47512e17307bf54aa88326cc6d176594d00e4423563a091f7266c2f9a6872cdc1e234d1
  languageName: node
  linkType: hard

"mkdirp@npm:^1.0.3":
  version: 1.0.4
  resolution: "mkdirp@npm:1.0.4"
  bin:
    mkdirp: bin/cmd.js
  checksum: 10/d71b8dcd4b5af2fe13ecf3bd24070263489404fe216488c5ba7e38ece1f54daf219e72a833a3a2dc404331e870e9f44963a33399589490956bff003a3404d3b2
  languageName: node
  linkType: hard

"ms@npm:2.1.2":
  version: 2.1.2
  resolution: "ms@npm:2.1.2"
  checksum: 10/673cdb2c3133eb050c745908d8ce632ed2c02d85640e2edb3ace856a2266a813b30c613569bf3354fdf4ea7d1a1494add3bfa95e2713baa27d0c2c71fc44f58f
  languageName: node
  linkType: hard

"negotiator@npm:^0.6.3":
  version: 0.6.3
  resolution: "negotiator@npm:0.6.3"
  checksum: 10/2723fb822a17ad55c93a588a4bc44d53b22855bf4be5499916ca0cab1e7165409d0b288ba2577d7b029f10ce18cf2ed8e703e5af31c984e1e2304277ef979837
  languageName: node
  linkType: hard

"no-case@npm:^3.0.4":
  version: 3.0.4
  resolution: "no-case@npm:3.0.4"
  dependencies:
    lower-case: "npm:^2.0.2"
    tslib: "npm:^2.0.3"
  checksum: 10/0b2ebc113dfcf737d48dde49cfebf3ad2d82a8c3188e7100c6f375e30eafbef9e9124aadc3becef237b042fd5eb0aad2fd78669c20972d045bbe7fea8ba0be5c
  languageName: node
  linkType: hard

"node-gyp@npm:latest":
  version: 10.1.0
  resolution: "node-gyp@npm:10.1.0"
  dependencies:
    env-paths: "npm:^2.2.0"
    exponential-backoff: "npm:^3.1.1"
    glob: "npm:^10.3.10"
    graceful-fs: "npm:^4.2.6"
    make-fetch-happen: "npm:^13.0.0"
    nopt: "npm:^7.0.0"
    proc-log: "npm:^3.0.0"
    semver: "npm:^7.3.5"
    tar: "npm:^6.1.2"
    which: "npm:^4.0.0"
  bin:
    node-gyp: bin/node-gyp.js
  checksum: 10/89e105e495e66cd4568af3cf79cdeb67d670eb069e33163c7781d3366470a30367c9bd8dea59e46db16370020139e5bf78b1fbc03284cb571754dfaa59744db5
  languageName: node
  linkType: hard

"nopt@npm:^7.0.0":
  version: 7.2.1
  resolution: "nopt@npm:7.2.1"
  dependencies:
    abbrev: "npm:^2.0.0"
  bin:
    nopt: bin/nopt.js
  checksum: 10/95a1f6dec8a81cd18cdc2fed93e6f0b4e02cf6bdb4501c848752c6e34f9883d9942f036a5e3b21a699047d8a448562d891e67492df68ec9c373e6198133337ae
  languageName: node
  linkType: hard

"normalize-path@npm:^3.0.0, normalize-path@npm:~3.0.0":
  version: 3.0.0
  resolution: "normalize-path@npm:3.0.0"
  checksum: 10/88eeb4da891e10b1318c4b2476b6e2ecbeb5ff97d946815ffea7794c31a89017c70d7f34b3c2ebf23ef4e9fc9fb99f7dffe36da22011b5b5c6ffa34f4873ec20
  languageName: node
  linkType: hard

"object-assign@npm:4.1.1, object-assign@npm:^4.1.0":
  version: 4.1.1
  resolution: "object-assign@npm:4.1.1"
  checksum: 10/fcc6e4ea8c7fe48abfbb552578b1c53e0d194086e2e6bbbf59e0a536381a292f39943c6e9628af05b5528aa5e3318bb30d6b2e53cadaf5b8fe9e12c4b69af23f
  languageName: node
  linkType: hard

"p-map@npm:^4.0.0":
  version: 4.0.0
  resolution: "p-map@npm:4.0.0"
  dependencies:
    aggregate-error: "npm:^3.0.0"
  checksum: 10/7ba4a2b1e24c05e1fc14bbaea0fc6d85cf005ae7e9c9425d4575550f37e2e584b1af97bcde78eacd7559208f20995988d52881334db16cf77bc1bcf68e48ed7c
  languageName: node
  linkType: hard

"param-case@npm:^3.0.4":
  version: 3.0.4
  resolution: "param-case@npm:3.0.4"
  dependencies:
    dot-case: "npm:^3.0.4"
    tslib: "npm:^2.0.3"
  checksum: 10/b34227fd0f794e078776eb3aa6247442056cb47761e9cd2c4c881c86d84c64205f6a56ef0d70b41ee7d77da02c3f4ed2f88e3896a8fefe08bdfb4deca037c687
  languageName: node
  linkType: hard

"pascal-case@npm:^3.1.2":
  version: 3.1.2
  resolution: "pascal-case@npm:3.1.2"
  dependencies:
    no-case: "npm:^3.0.4"
    tslib: "npm:^2.0.3"
  checksum: 10/ba98bfd595fc91ef3d30f4243b1aee2f6ec41c53b4546bfa3039487c367abaa182471dcfc830a1f9e1a0df00c14a370514fa2b3a1aacc68b15a460c31116873e
  languageName: node
  linkType: hard

"path-case@npm:^3.0.4":
  version: 3.0.4
  resolution: "path-case@npm:3.0.4"
  dependencies:
    dot-case: "npm:^3.0.4"
    tslib: "npm:^2.0.3"
  checksum: 10/61de0526222629f65038a66f63330dd22d5b54014ded6636283e1d15364da38b3cf29e4433aa3f9d8b0dba407ae2b059c23b0104a34ee789944b1bc1c5c7e06d
  languageName: node
  linkType: hard

"path-key@npm:^3.1.0":
  version: 3.1.1
  resolution: "path-key@npm:3.1.1"
  checksum: 10/55cd7a9dd4b343412a8386a743f9c746ef196e57c823d90ca3ab917f90ab9f13dd0ded27252ba49dbdfcab2b091d998bc446f6220cd3cea65db407502a740020
  languageName: node
  linkType: hard

"path-scurry@npm:^1.11.0":
  version: 1.11.1
  resolution: "path-scurry@npm:1.11.1"
  dependencies:
    lru-cache: "npm:^10.2.0"
    minipass: "npm:^5.0.0 || ^6.0.2 || ^7.0.0"
  checksum: 10/5e8845c159261adda6f09814d7725683257fcc85a18f329880ab4d7cc1d12830967eae5d5894e453f341710d5484b8fdbbd4d75181b4d6e1eb2f4dc7aeadc434
  languageName: node
  linkType: hard

"picomatch@npm:^2.0.4, picomatch@npm:^2.2.1":
  version: 2.3.1
  resolution: "picomatch@npm:2.3.1"
  checksum: 10/60c2595003b05e4535394d1da94850f5372c9427ca4413b71210f437f7b2ca091dbd611c45e8b37d10036fa8eade25c1b8951654f9d3973bfa66a2ff4d3b08bc
  languageName: node
  linkType: hard

"proc-log@npm:^3.0.0":
  version: 3.0.0
  resolution: "proc-log@npm:3.0.0"
  checksum: 10/02b64e1b3919e63df06f836b98d3af002b5cd92655cab18b5746e37374bfb73e03b84fe305454614b34c25b485cc687a9eebdccf0242cda8fda2475dd2c97e02
  languageName: node
  linkType: hard

"proc-log@npm:^4.2.0":
  version: 4.2.0
  resolution: "proc-log@npm:4.2.0"
  checksum: 10/4e1394491b717f6c1ade15c570ecd4c2b681698474d3ae2d303c1e4b6ab9455bd5a81566211e82890d5a5ae9859718cc6954d5150bb18b09b72ecb297beae90a
  languageName: node
  linkType: hard

"promise-retry@npm:^2.0.1":
  version: 2.0.1
  resolution: "promise-retry@npm:2.0.1"
  dependencies:
    err-code: "npm:^2.0.2"
    retry: "npm:^0.12.0"
  checksum: 10/96e1a82453c6c96eef53a37a1d6134c9f2482f94068f98a59145d0986ca4e497bf110a410adf73857e588165eab3899f0ebcf7b3890c1b3ce802abc0d65967d4
  languageName: node
  linkType: hard

"readdirp@npm:~3.6.0":
  version: 3.6.0
  resolution: "readdirp@npm:3.6.0"
  dependencies:
    picomatch: "npm:^2.2.1"
  checksum: 10/196b30ef6ccf9b6e18c4e1724b7334f72a093d011a99f3b5920470f0b3406a51770867b3e1ae9711f227ef7a7065982f6ee2ce316746b2cb42c88efe44297fe7
  languageName: node
  linkType: hard

"receptor@npm:1.0.0":
  version: 1.0.0
  resolution: "receptor@npm:1.0.0"
  dependencies:
    element-closest: "npm:^2.0.1"
    keyboardevent-key-polyfill: "npm:^1.0.2"
    matches-selector: "npm:^1.0.0"
    object-assign: "npm:^4.1.0"
  checksum: 10/7827a8e6a97516081cc1cefe816443c2a9e8e8915e5030409d5b432fad92d4951f790727f72a6293df7e737d28333009135cc52fd1206dd2c5a6641d65c3687a
  languageName: node
  linkType: hard

"resolve-id-refs@npm:0.1.0":
  version: 0.1.0
  resolution: "resolve-id-refs@npm:0.1.0"
  checksum: 10/0cbfbddda06ea69c6c1da542bddd4fa23a795bbd3b601b0dc53da33c4d2a8283f2b2a4459d6a01b6af159f1cc8d50efe37494bb8087fac0e5b1b40811bbafb7f
  languageName: node
  linkType: hard

"retry@npm:^0.12.0":
  version: 0.12.0
  resolution: "retry@npm:0.12.0"
  checksum: 10/1f914879f97e7ee931ad05fe3afa629bd55270fc6cf1c1e589b6a99fab96d15daad0fa1a52a00c729ec0078045fe3e399bd4fd0c93bcc906957bdc17f89cb8e6
  languageName: node
  linkType: hard

"rimraf@npm:^5.0.5":
  version: 5.0.7
  resolution: "rimraf@npm:5.0.7"
  dependencies:
    glob: "npm:^10.3.7"
  bin:
    rimraf: dist/esm/bin.mjs
  checksum: 10/1e3cecfe59ee2383dfd9ba5373caeed48ed941318a0360119419b7dffc63115661408b9427f67e1f66b5bbb8855a3953db09e55a7362b3df904a44453dfa22fb
  languageName: node
  linkType: hard

"safer-buffer@npm:>= 2.1.2 < 3.0.0":
  version: 2.1.2
  resolution: "safer-buffer@npm:2.1.2"
  checksum: 10/7eaf7a0cf37cc27b42fb3ef6a9b1df6e93a1c6d98c6c6702b02fe262d5fcbd89db63320793b99b21cb5348097d0a53de81bd5f4e8b86e20cc9412e3f1cfb4e83
  languageName: node
  linkType: hard

"sass@npm:^1.64.1":
  version: 1.77.2
  resolution: "sass@npm:1.77.2"
  dependencies:
    chokidar: "npm:>=3.0.0 <4.0.0"
    immutable: "npm:^4.0.0"
    source-map-js: "npm:>=0.6.2 <2.0.0"
  bin:
    sass: sass.js
  checksum: 10/4df71f1a01cd59613e7a25bfcec96ddf06e3546c238ba3238b96c6ac0dcf34b9ce238b4de7b39656f6cb0a5e7acccde19f53b521ae4abcdcbe600e0de9c97644
  languageName: node
  linkType: hard

"semver@npm:^7.3.5":
  version: 7.6.2
  resolution: "semver@npm:7.6.2"
  bin:
    semver: bin/semver.js
  checksum: 10/296b17d027f57a87ef645e9c725bff4865a38dfc9caf29b26aa084b85820972fbe7372caea1ba6857162fa990702c6d9c1d82297cecb72d56c78ab29070d2ca2
  languageName: node
  linkType: hard

"sentence-case@npm:^3.0.4":
  version: 3.0.4
  resolution: "sentence-case@npm:3.0.4"
  dependencies:
    no-case: "npm:^3.0.4"
    tslib: "npm:^2.0.3"
    upper-case-first: "npm:^2.0.2"
  checksum: 10/3cfe6c0143e649132365695706702d7f729f484fa7b25f43435876efe7af2478243eefb052bacbcce10babf9319fd6b5b6bc59b94c80a1c819bcbb40651465d5
  languageName: node
  linkType: hard

"shebang-command@npm:^2.0.0":
  version: 2.0.0
  resolution: "shebang-command@npm:2.0.0"
  dependencies:
    shebang-regex: "npm:^3.0.0"
  checksum: 10/6b52fe87271c12968f6a054e60f6bde5f0f3d2db483a1e5c3e12d657c488a15474121a1d55cd958f6df026a54374ec38a4a963988c213b7570e1d51575cea7fa
  languageName: node
  linkType: hard

"shebang-regex@npm:^3.0.0":
  version: 3.0.0
  resolution: "shebang-regex@npm:3.0.0"
  checksum: 10/1a2bcae50de99034fcd92ad4212d8e01eedf52c7ec7830eedcf886622804fe36884278f2be8be0ea5fde3fd1c23911643a4e0f726c8685b61871c8908af01222
  languageName: node
  linkType: hard

"signal-exit@npm:^4.0.1":
  version: 4.1.0
  resolution: "signal-exit@npm:4.1.0"
  checksum: 10/c9fa63bbbd7431066174a48ba2dd9986dfd930c3a8b59de9c29d7b6854ec1c12a80d15310869ea5166d413b99f041bfa3dd80a7947bcd44ea8e6eb3ffeabfa1f
  languageName: node
  linkType: hard

"smart-buffer@npm:^4.2.0":
  version: 4.2.0
  resolution: "smart-buffer@npm:4.2.0"
  checksum: 10/927484aa0b1640fd9473cee3e0a0bcad6fce93fd7bbc18bac9ad0c33686f5d2e2c422fba24b5899c184524af01e11dd2bd051c2bf2b07e47aff8ca72cbfc60d2
  languageName: node
  linkType: hard

"snake-case@npm:^3.0.4":
  version: 3.0.4
  resolution: "snake-case@npm:3.0.4"
  dependencies:
    dot-case: "npm:^3.0.4"
    tslib: "npm:^2.0.3"
  checksum: 10/0a7a79900bbb36f8aaa922cf111702a3647ac6165736d5dc96d3ef367efc50465cac70c53cd172c382b022dac72ec91710608e5393de71f76d7142e6fd80e8a3
  languageName: node
  linkType: hard

"socks-proxy-agent@npm:^8.0.3":
  version: 8.0.3
  resolution: "socks-proxy-agent@npm:8.0.3"
  dependencies:
    agent-base: "npm:^7.1.1"
    debug: "npm:^4.3.4"
    socks: "npm:^2.7.1"
  checksum: 10/c2112c66d6322e497d68e913c3780f3683237fd394bfd480b9283486a86e36095d0020db96145d88f8ccd9cc73261b98165b461f9c1bf5dc17abfe75c18029ce
  languageName: node
  linkType: hard

"socks@npm:^2.7.1":
  version: 2.8.3
  resolution: "socks@npm:2.8.3"
  dependencies:
    ip-address: "npm:^9.0.5"
    smart-buffer: "npm:^4.2.0"
  checksum: 10/ffcb622c22481dfcd7589aae71fbfd71ca34334064d181df64bf8b7feaeee19706aba4cffd1de35cc7bbaeeaa0af96be2d7f40fcbc7bc0ab69533a7ae9ffc4fb
  languageName: node
  linkType: hard

"source-map-js@npm:>=0.6.2 <2.0.0":
  version: 1.2.0
  resolution: "source-map-js@npm:1.2.0"
  checksum: 10/74f331cfd2d121c50790c8dd6d3c9de6be21926de80583b23b37029b0f37aefc3e019fa91f9a10a5e120c08135297e1ecf312d561459c45908cb1e0e365f49e5
  languageName: node
  linkType: hard

"sprintf-js@npm:^1.1.3":
  version: 1.1.3
  resolution: "sprintf-js@npm:1.1.3"
  checksum: 10/e7587128c423f7e43cc625fe2f87e6affdf5ca51c1cc468e910d8aaca46bb44a7fbcfa552f787b1d3987f7043aeb4527d1b99559e6621e01b42b3f45e5a24cbb
  languageName: node
  linkType: hard

"ssri@npm:^10.0.0":
  version: 10.0.6
  resolution: "ssri@npm:10.0.6"
  dependencies:
    minipass: "npm:^7.0.3"
  checksum: 10/f92c1b3cc9bfd0a925417412d07d999935917bc87049f43ebec41074661d64cf720315661844106a77da9f8204b6d55ae29f9514e673083cae39464343af2a8b
  languageName: node
  linkType: hard

"string-width-cjs@npm:string-width@^4.2.0, string-width@npm:^4.1.0":
  version: 4.2.3
  resolution: "string-width@npm:4.2.3"
  dependencies:
    emoji-regex: "npm:^8.0.0"
    is-fullwidth-code-point: "npm:^3.0.0"
    strip-ansi: "npm:^6.0.1"
  checksum: 10/e52c10dc3fbfcd6c3a15f159f54a90024241d0f149cf8aed2982a2d801d2e64df0bf1dc351cf8e95c3319323f9f220c16e740b06faecd53e2462df1d2b5443fb
  languageName: node
  linkType: hard

"string-width@npm:^5.0.1, string-width@npm:^5.1.2":
  version: 5.1.2
  resolution: "string-width@npm:5.1.2"
  dependencies:
    eastasianwidth: "npm:^0.2.0"
    emoji-regex: "npm:^9.2.2"
    strip-ansi: "npm:^7.0.1"
  checksum: 10/7369deaa29f21dda9a438686154b62c2c5f661f8dda60449088f9f980196f7908fc39fdd1803e3e01541970287cf5deae336798337e9319a7055af89dafa7193
  languageName: node
  linkType: hard

"strip-ansi-cjs@npm:strip-ansi@^6.0.1, strip-ansi@npm:^6.0.0, strip-ansi@npm:^6.0.1":
  version: 6.0.1
  resolution: "strip-ansi@npm:6.0.1"
  dependencies:
    ansi-regex: "npm:^5.0.1"
  checksum: 10/ae3b5436d34fadeb6096367626ce987057713c566e1e7768818797e00ac5d62023d0f198c4e681eae9e20701721980b26a64a8f5b91238869592a9c6800719a2
  languageName: node
  linkType: hard

"strip-ansi@npm:^7.0.1":
  version: 7.1.0
  resolution: "strip-ansi@npm:7.1.0"
  dependencies:
    ansi-regex: "npm:^6.0.1"
  checksum: 10/475f53e9c44375d6e72807284024ac5d668ee1d06010740dec0b9744f2ddf47de8d7151f80e5f6190fc8f384e802fdf9504b76a7e9020c9faee7103623338be2
  languageName: node
  linkType: hard

"style-dictionary@npm:^3.8.0":
  version: 3.9.2
  resolution: "style-dictionary@npm:3.9.2"
  dependencies:
    chalk: "npm:^4.0.0"
    change-case: "npm:^4.1.2"
    commander: "npm:^8.3.0"
    fs-extra: "npm:^10.0.0"
    glob: "npm:^10.3.10"
    json5: "npm:^2.2.2"
    jsonc-parser: "npm:^3.0.0"
    lodash: "npm:^4.17.15"
    tinycolor2: "npm:^1.4.1"
  bin:
    style-dictionary: bin/style-dictionary
  checksum: 10/3b12b00075caf708c15faf3e397011576c1297565421d5bba88ce4f27e01446dc28e9f7eb79d239ecad5b4ba92a689d1888216dca08883d32dc45ce255ecf84a
  languageName: node
  linkType: hard

"supports-color@npm:^7.1.0":
  version: 7.2.0
  resolution: "supports-color@npm:7.2.0"
  dependencies:
    has-flag: "npm:^4.0.0"
  checksum: 10/c8bb7afd564e3b26b50ca6ee47572c217526a1389fe018d00345856d4a9b08ffbd61fadaf283a87368d94c3dcdb8f5ffe2650a5a65863e21ad2730ca0f05210a
  languageName: node
  linkType: hard

"tar@npm:^6.1.11, tar@npm:^6.1.2":
  version: 6.2.1
  resolution: "tar@npm:6.2.1"
  dependencies:
    chownr: "npm:^2.0.0"
    fs-minipass: "npm:^2.0.0"
    minipass: "npm:^5.0.0"
    minizlib: "npm:^2.1.1"
    mkdirp: "npm:^1.0.3"
    yallist: "npm:^4.0.0"
  checksum: 10/bfbfbb2861888077fc1130b84029cdc2721efb93d1d1fb80f22a7ac3a98ec6f8972f29e564103bbebf5e97be67ebc356d37fa48dbc4960600a1eb7230fbd1ea0
  languageName: node
  linkType: hard

"tinycolor2@npm:^1.4.1":
  version: 1.6.0
  resolution: "tinycolor2@npm:1.6.0"
  checksum: 10/066c3acf4f82b81c58a0d3ab85f49407efe95ba87afc3c7a16b1d77625193dfbe10dd46c26d0a263c1137361dd5a6a68bff2fb71def5fb9b9aec940fb030bcd4
  languageName: node
  linkType: hard

"to-regex-range@npm:^5.0.1":
  version: 5.0.1
  resolution: "to-regex-range@npm:5.0.1"
  dependencies:
    is-number: "npm:^7.0.0"
  checksum: 10/10dda13571e1f5ad37546827e9b6d4252d2e0bc176c24a101252153ef435d83696e2557fe128c4678e4e78f5f01e83711c703eef9814eb12dab028580d45980a
  languageName: node
  linkType: hard

"tslib@npm:^2.0.3":
  version: 2.6.2
  resolution: "tslib@npm:2.6.2"
  checksum: 10/bd26c22d36736513980091a1e356378e8b662ded04204453d353a7f34a4c21ed0afc59b5f90719d4ba756e581a162ecbf93118dc9c6be5acf70aa309188166ca
  languageName: node
  linkType: hard

"unique-filename@npm:^3.0.0":
  version: 3.0.0
  resolution: "unique-filename@npm:3.0.0"
  dependencies:
    unique-slug: "npm:^4.0.0"
  checksum: 10/8e2f59b356cb2e54aab14ff98a51ac6c45781d15ceaab6d4f1c2228b780193dc70fae4463ce9e1df4479cb9d3304d7c2043a3fb905bdeca71cc7e8ce27e063df
  languageName: node
  linkType: hard

"unique-slug@npm:^4.0.0":
  version: 4.0.0
  resolution: "unique-slug@npm:4.0.0"
  dependencies:
    imurmurhash: "npm:^0.1.4"
  checksum: 10/40912a8963fc02fb8b600cf50197df4a275c602c60de4cac4f75879d3c48558cfac48de08a25cc10df8112161f7180b3bbb4d662aadb711568602f9eddee54f0
  languageName: node
  linkType: hard

"universalify@npm:^2.0.0":
  version: 2.0.1
  resolution: "universalify@npm:2.0.1"
  checksum: 10/ecd8469fe0db28e7de9e5289d32bd1b6ba8f7183db34f3bfc4ca53c49891c2d6aa05f3fb3936a81285a905cc509fb641a0c3fc131ec786167eff41236ae32e60
  languageName: node
  linkType: hard

"upper-case-first@npm:^2.0.2":
  version: 2.0.2
  resolution: "upper-case-first@npm:2.0.2"
  dependencies:
    tslib: "npm:^2.0.3"
  checksum: 10/4487db4701effe3b54ced4b3e4aa4d9ab06c548f97244d04aafb642eedf96a76d5a03cf5f38f10f415531d5792d1ac6e1b50f2a76984dc6964ad530f12876409
  languageName: node
  linkType: hard

"upper-case@npm:^2.0.2":
  version: 2.0.2
  resolution: "upper-case@npm:2.0.2"
  dependencies:
    tslib: "npm:^2.0.3"
  checksum: 10/508723a2b03ab90cf1d6b7e0397513980fab821cbe79c87341d0e96cedefadf0d85f9d71eac24ab23f526a041d585a575cfca120a9f920e44eb4f8a7cf89121c
  languageName: node
  linkType: hard

"which@npm:^2.0.1":
  version: 2.0.2
  resolution: "which@npm:2.0.2"
  dependencies:
    isexe: "npm:^2.0.0"
  bin:
    node-which: ./bin/node-which
  checksum: 10/4782f8a1d6b8fc12c65e968fea49f59752bf6302dc43036c3bf87da718a80710f61a062516e9764c70008b487929a73546125570acea95c5b5dcc8ac3052c70f
  languageName: node
  linkType: hard

"which@npm:^4.0.0":
  version: 4.0.0
  resolution: "which@npm:4.0.0"
  dependencies:
    isexe: "npm:^3.1.1"
  bin:
    node-which: bin/which.js
  checksum: 10/f17e84c042592c21e23c8195108cff18c64050b9efb8459589116999ea9da6dd1509e6a1bac3aeebefd137be00fabbb61b5c2bc0aa0f8526f32b58ee2f545651
  languageName: node
  linkType: hard

"wrap-ansi-cjs@npm:wrap-ansi@^7.0.0":
  version: 7.0.0
  resolution: "wrap-ansi@npm:7.0.0"
  dependencies:
    ansi-styles: "npm:^4.0.0"
    string-width: "npm:^4.1.0"
    strip-ansi: "npm:^6.0.0"
  checksum: 10/cebdaeca3a6880da410f75209e68cd05428580de5ad24535f22696d7d9cab134d1f8498599f344c3cf0fb37c1715807a183778d8c648d6cc0cb5ff2bb4236540
  languageName: node
  linkType: hard

"wrap-ansi@npm:^8.1.0":
  version: 8.1.0
  resolution: "wrap-ansi@npm:8.1.0"
  dependencies:
    ansi-styles: "npm:^6.1.0"
    string-width: "npm:^5.0.1"
    strip-ansi: "npm:^7.0.1"
  checksum: 10/7b1e4b35e9bb2312d2ee9ee7dc95b8cb5f8b4b5a89f7dde5543fe66c1e3715663094defa50d75454ac900bd210f702d575f15f3f17fa9ec0291806d2578d1ddf
  languageName: node
  linkType: hard

"yallist@npm:^4.0.0":
  version: 4.0.0
  resolution: "yallist@npm:4.0.0"
  checksum: 10/4cb02b42b8a93b5cf50caf5d8e9beb409400a8a4d85e83bb0685c1457e9ac0b7a00819e9f5991ac25ffabb56a78e2f017c1acc010b3a1babfe6de690ba531abd
  languageName: node
  linkType: hard
